github.com/a-h/templ v0.2.731 h1:yiv4C7whSUsa36y65O06DPr/U/j3+WGB0RmvLOoVFXc=
github.com/a-h/templ v0.2.731/go.mod h1:IejA/ecDD0ul0dCvgCwp9t7bUZXVpGClEAdsqZQigi8=
github.com/google/go-cmp v0.6.0 h1:ofyhxvXcZhMsU5ulbFiLKl/XBFqE1GSq7atu8tAmTRI=
github.com/google/go-cmp v0.6.0/go.mod h1:17dUlkBOakJ0+DkrSSNjCkIjxS6bF9zb3elmeNGIjoY=
